
Microsoft Visual Studio Solution File, Format Version 12.00
# Visual Studio Version 17
VisualStudioVersion = 17.0.31903.59
MinimumVisualStudioVersion = 10.0.40219.1
Project("{FAE04EC0-301F-11D3-BF4B-00C04F79EFBC}") = "AreaCalculatorLib", "AreaCalculatorLib\AreaCalculatorLib.csproj", "{47397A70-5816-44EA-A772-8FC932FFD519}"
EndProject
Project("{FAE04EC0-301F-11D3-BF4B-00C04F79EFBC}") = "AreaCalculatorLib.Tests", "AreaCalculatorLib.Tests\AreaCalculatorLib.Tests.csproj", "{D8816A0C-E0F7-4011-ADFF-FB618FC52341}"
EndProject
Global
	GlobalSection(SolutionConfigurationPlatforms) = preSolution
		Debug|Any CPU = Debug|Any CPU
		Release|Any CPU = Release|Any CPU
	EndGlobalSection
	GlobalSection(SolutionProperties) = preSolution
		HideSolutionNode = FALSE
	EndGlobalSection
	GlobalSection(ProjectConfigurationPlatforms) = postSolution
		{47397A70-5816-44EA-A772-8FC932FFD519}.Debug|Any CPU.ActiveCfg = Debug|Any CPU
		{47397A70-5816-44EA-A772-8FC932FFD519}.Debug|Any CPU.Build.0 = Debug|Any CPU
		{47397A70-5816-44EA-A772-8FC932FFD519}.Release|Any CPU.ActiveCfg = Release|Any CPU
		{47397A70-5816-44EA-A772-8FC932FFD519}.Release|Any CPU.Build.0 = Release|Any CPU
		{D8816A0C-E0F7-4011-ADFF-FB618FC52341}.Debug|Any CPU.ActiveCfg = Debug|Any CPU
		{D8816A0C-E0F7-4011-ADFF-FB618FC52341}.Debug|Any CPU.Build.0 = Debug|Any CPU
		{D8816A0C-E0F7-4011-ADFF-FB618FC52341}.Release|Any CPU.ActiveCfg = Release|Any CPU
		{D8816A0C-E0F7-4011-ADFF-FB618FC52341}.Release|Any CPU.Build.0 = Release|Any CPU
	EndGlobalSection
EndGlobal
